
Microsoft Visual Studio Solution File, Format Version 12.00
# Visual Studio Version 17
VisualStudioVersion = 17.4.33122.133
MinimumVisualStudioVersion = 10.0.40219.1
Project("{FAE04EC0-301F-11D3-BF4B-00C04F79EFBC}") = "MovieStoreProject", "MovieStoreProject\MovieStoreProject.csproj", "{032BDEB6-ABE1-4454-B413-66A4515ECA6F}"
EndProject
Global
	GlobalSection(SolutionConfigurationPlatforms) = preSolution
		Debug|Any CPU = Debug|Any CPU
		Release|Any CPU = Release|Any CPU
	EndGlobalSection
	GlobalSection(ProjectConfigurationPlatforms) = postSolution
		{032BDEB6-ABE1-4454-B413-66A4515ECA6F}.Debug|Any CPU.ActiveCfg = Debug|Any CPU
		{032BDEB6-ABE1-4454-B413-66A4515ECA6F}.Debug|Any CPU.Build.0 = Debug|Any CPU
		{032BDEB6-ABE1-4454-B413-66A4515ECA6F}.Release|Any CPU.ActiveCfg = Release|Any CPU
		{032BDEB6-ABE1-4454-B413-66A4515ECA6F}.Release|Any CPU.Build.0 = Release|Any CPU
	EndGlobalSection
	GlobalSection(SolutionProperties) = preSolution
		HideSolutionNode = FALSE
	EndGlobalSection
	GlobalSection(ExtensibilityGlobals) = postSolution
		SolutionGuid = {40DD4AB8-1613-4E99-8ADA-08CACD63A168}
	EndGlobalSection
EndGlobal
